// !$*UTF8*$!
{
	archiveVersion = 1;
	classes = {
	};
	objectVersion = 46;
	objects = {

/* Begin PBXBuildFile section */
		AC8AAEDA1DEFD25C0020DDDA /* main.m in Sources */ = {isa = PBXBuildFile; fileRef = AC8AAED91DEFD25C0020DDDA /* main.m */; };
		AC8AAEDD1DEFD25C0020DDDA /* AppDelegate.m in Sources */ = {isa = PBXBuildFile; fileRef = AC8AAEDC1DEFD25C0020DDDA /* AppDelegate.m */; };
		AC8AAEE01DEFD25C0020DDDA /* ViewController.m in Sources */ = {isa = PBXBuildFile; fileRef = AC8AAEDF1DEFD25C0020DDDA /* ViewController.m */; };
		AC8AAEE31DEFD25C0020DDDA /* Main.storyboard in Resources */ = {isa = PBXBuildFile; fileRef = AC8AAEE11DEFD25C0020DDDA /* Main.storyboard */; };
		AC8AAEE51DEFD25C0020DDDA /* Assets.xcassets in Resources */ = {isa = PBXBuildFile; fileRef = AC8AAEE41DEFD25C0020DDDA /* Assets.xcassets */; };
		AC8AAEE81DEFD25C0020DDDA /* LaunchScreen.storyboard in Resources */ = {isa = PBXBuildFile; fileRef = AC8AAEE61DEFD25C0020DDDA /* LaunchScreen.storyboard */; };
		AC8AAEF41DEFD5180020DDDA /* CharactorModel.m in Sources */ = {isa = PBXBuildFile; fileRef = AC8AAEF31DEFD5180020DDDA /* CharactorModel.m */; };
		AC8AAEF71DEFD6430020DDDA /* ZLTextView.m in Sources */ = {isa = PBXBuildFile; fileRef = AC8AAEF61DEFD6430020DDDA /* ZLTextView.m */; };
/* End PBXBuildFile section */

/* Begin PBXFileReference section */
		AC8AAED51DEFD25C0020DDDA /* ZLTouchTextDemo.app */ = {isa = PBXFileReference; explicitFileType = wrapper.application; includeInIndex = 0; path = ZLTouchTextDemo.app; sourceTree = BUILT_PRODUCTS_DIR; };
		AC8AAED91DEFD25C0020DDDA /* main.m */ = {isa = PBXFileReference; lastKnownFileType = sourcecode.c.objc; path = main.m; sourceTree = "<group>"; };
		AC8AAEDB1DEFD25C0020DDDA /* AppDelegate.h */ = {isa = PBXFileReference; lastKnownFileType = sourcecode.c.h; path = AppDelegate.h; sourceTree = "<group>"; };
		AC8AAEDC1DEFD25C0020DDDA /* AppDelegate.m */ = {isa = PBXFileReference; lastKnownFileType = sourcecode.c.objc; path = AppDelegate.m; sourceTree = "<group>"; };
		AC8AAEDE1DEFD25C0020DDDA /* ViewController.h */ = {isa = PBXFileReference; lastKnownFileType = sourcecode.c.h; path = ViewController.h; sourceTree = "<group>"; };
		AC8AAEDF1DEFD25C0020DDDA /* ViewController.m */ = {isa = PBXFileReference; lastKnownFileType = sourcecode.c.objc; path = ViewController.m; sourceTree = "<group>"; };
		AC8AAEE21DEFD25C0020DDDA /* Base */ = {isa = PBXFileReference; lastKnownFileType = file.storyboard; name = Base; path = Base.lproj/Main.storyboard; sourceTree = "<group>"; };
		AC8AAEE41DEFD25C0020DDDA /* Assets.xcassets */ = {isa = PBXFileReference; lastKnownFileType = folder.assetcatalog; path = Assets.xcassets; sourceTree = "<group>"; };
		AC8AAEE71DEFD25C0020DDDA /* Base */ = {isa = PBXFileReference; lastKnownFileType = file.storyboard; name = Base; path = Base.lproj/LaunchScreen.storyboard; sourceTree = "<group>"; };
		AC8AAEE91DEFD25C0020DDDA /* Info.plist */ = {isa = PBXFileReference; lastKnownFileType = text.plist.xml; path = Info.plist; sourceTree = "<group>"; };
		AC8AAEF21DEFD5180020DDDA /* CharactorModel.h */ = {isa = PBXFileReference; fileEncoding = 4; lastKnownFileType = sourcecode.c.h; path = CharactorModel.h; sourceTree = "<group>"; };
		AC8AAEF31DEFD5180020DDDA /* CharactorModel.m */ = {isa = PBXFileReference; fileEncoding = 4; lastKnownFileType = sourcecode.c.objc; path = CharactorModel.m; sourceTree = "<group>"; };
		AC8AAEF51DEFD6430020DDDA /* ZLTextView.h */ = {isa = PBXFileReference; fileEncoding = 4; lastKnownFileType = sourcecode.c.h; path = ZLTextView.h; sourceTree = "<group>"; };
		AC8AAEF61DEFD6430020DDDA /* ZLTextView.m */ = {isa = PBXFileReference; fileEncoding = 4; lastKnownFileType = sourcecode.c.objc; path = ZLTextView.m; sourceTree = "<group>"; };
/* End PBXFileReference section */

/* Begin PBXFrameworksBuildPhase section */
		AC8AAED21DEFD25C0020DDDA /* Frameworks */ = {
			isa = PBXFrameworksBuildPhase;
			buildActionMask = 2147483647;
			files = (
			);
			runOnlyForDeploymentPostprocessing = 0;
		};
/* End PBXFrameworksBuildPhase section */

/* Begin PBXGroup section */
		AC8AAECC1DEFD25C0020DDDA = {
			isa = PBXGroup;
			children = (
				AC8AAED71DEFD25C0020DDDA /* ZLTouchTextDemo */,
				AC8AAED61DEFD25C0020DDDA /* Products */,
			);
			sourceTree = "<group>";
		};
		AC8AAED61DEFD25C0020DDDA /* Products */ = {
			isa = PBXGroup;
			children = (
				AC8AAED51DEFD25C0020DDDA /* ZLTouchTextDemo.app */,
			);
			name = Products;
			sourceTree = "<group>";
		};
		AC8AAED71DEFD25C0020DDDA /* ZLTouchTextDemo */ = {
			isa = PBXGroup;
			children = (
				AC8AAEDB1DEFD25C0020DDDA /* AppDelegate.h */,
				AC8AAEDC1DEFD25C0020DDDA /* AppDelegate.m */,
				AC8AAEDE1DEFD25C0020DDDA /* ViewController.h */,
				AC8AAEDF1DEFD25C0020DDDA /* ViewController.m */,
				AC8AAEF21DEFD5180020DDDA /* CharactorModel.h */,
				AC8AAEF31DEFD5180020DDDA /* CharactorModel.m */,
				AC8AAEF51DEFD6430020DDDA /* ZLTextView.h */,
				AC8AAEF61DEFD6430020DDDA /* ZLTextView.m */,
				AC8AAEE11DEFD25C0020DDDA /* Main.storyboard */,
				AC8AAEE41DEFD25C0020DDDA /* Assets.xcassets */,
				AC8AAEE61DEFD25C0020DDDA /* LaunchScreen.storyboard */,
				AC8AAEE91DEFD25C0020DDDA /* Info.plist */,
				AC8AAED81DEFD25C0020DDDA /* Supporting Files */,
			);
			path = ZLTouchTextDemo;
			sourceTree = "<group>";
		};
		AC8AAED81DEFD25C0020DDDA /* Supporting Files */ = {
			isa = PBXGroup;
			children = (
				AC8AAED91DEFD25C0020DDDA /* main.m */,
			);
			name = "Supporting Files";
			sourceTree = "<group>";
		};
/* End PBXGroup section */

/* Begin PBXNativeTarget section */
		AC8AAED41DEFD25C0020DDDA /* ZLTouchTextDemo */ = {
			isa = PBXNativeTarget;
			buildConfigurationList = AC8AAEEC1DEFD25C0020DDDA /* Build configuration list for PBXNativeTarget "ZLTouchTextDemo" */;
			buildPhases = (
				AC8AAED11DEFD25C0020DDDA /* Sources */,
				AC8AAED21DEFD25C0020DDDA /* Frameworks */,
				AC8AAED31DEFD25C0020DDDA /* Resources */,
			);
			buildRules = (
			);
			dependencies = (
			);
			name = ZLTouchTextDemo;
			productName = ZLTouchTextDemo;
			productReference = AC8AAED51DEFD25C0020DDDA /* ZLTouchTextDemo.app */;
			productType = "com.apple.product-type.application";
		};
/* End PBXNativeTarget section */

/* Begin PBXProject section */
		AC8AAECD1DEFD25C0020DDDA /* Project object */ = {
			isa = PBXProject;
			attributes = {
				LastUpgradeCheck = 0810;
				ORGANIZATIONNAME = scasy_wang;
				TargetAttributes = {
					AC8AAED41DEFD25C0020DDDA = {
						CreatedOnToolsVersion = 8.1;
						DevelopmentTeam = 4NACK8L2H6;
						ProvisioningStyle = Automatic;
					};
				};
			};
			buildConfigurationList = AC8AAED01DEFD25C0020DDDA /* Build configuration list for PBXProject "ZLTouchTextDemo" */;
			compatibilityVersion = "Xcode 3.2";
			developmentRegion = English;
			hasScannedForEncodings = 0;
			knownRegions = (
				en,
				Base,
			);
			mainGroup = AC8AAECC1DEFD25C0020DDDA;
			productRefGroup = AC8AAED61DEFD25C0020DDDA /* Products */;
			projectDirPath = "";
			projectRoot = "";
			targets = (
				AC8AAED41DEFD25C0020DDDA /* ZLTouchTextDemo */,
			);
		};
/* End PBXProject section */

/* Begin PBXResourcesBuildPhase section */
		AC8AAED31DEFD25C0020DDDA /* Resources */ = {
			isa = PBXResourcesBuildPhase;
			buildActionMask = 2147483647;
			files = (
				AC8AAEE81DEFD25C0020DDDA /* LaunchScreen.storyboard in Resources */,
				AC8AAEE51DEFD25C0020DDDA /* Assets.xcassets in Resources */,
				AC8AAEE31DEFD25C0020DDDA /* Main.storyboard in Resources */,
			);
			runOnlyForDeploymentPostprocessing = 0;
		};
/* End PBXResourcesBuildPhase section */

/* Begin PBXSourcesBuildPhase section */
		AC8AAED11DEFD25C0020DDDA /* Sources */ = {
			isa = PBXSourcesBuildPhase;
			buildActionMask = 2147483647;
			files = (
				AC8AAEE01DEFD25C0020DDDA /* ViewController.m in Sources */,
				AC8AAEDD1DEFD25C0020DDDA /* AppDelegate.m in Sources */,
				AC8AAEF71DEFD6430020DDDA /* ZLTextView.m in Sources */,
				AC8AAEDA1DEFD25C0020DDDA /* main.m in Sources */,
				AC8AAEF41DEFD5180020DDDA /* CharactorModel.m in Sources */,
			);
			runOnlyForDeploymentPostprocessing = 0;
		};
/* End PBXSourcesBuildPhase section */

/* Begin PBXVariantGroup section */
		AC8AAEE11DEFD25C0020DDDA /* Main.storyboard */ = {
			isa = PBXVariantGroup;
			children = (
				AC8AAEE21DEFD25C0020DDDA /* Base */,
			);
			name = Main.storyboard;
			sourceTree = "<group>";
		};
		AC8AAEE61DEFD25C0020DDDA /* LaunchScreen.storyboard */ = {
			isa = PBXVariantGroup;
			children = (
				AC8AAEE71DEFD25C0020DDDA /* Base */,
			);
			name = LaunchScreen.storyboard;
			sourceTree = "<group>";
		};
/* End PBXVariantGroup section */

/* Begin XCBuildConfiguration section */
		AC8AAEEA1DEFD25C0020DDDA /* Debug */ = {
			isa = XCBuildConfiguration;
			buildSettings = {
				ALWAYS_SEARCH_USER_PATHS = NO;
				CLANG_ANALYZER_NONNULL = YES;
				CLANG_CXX_LANGUAGE_STANDARD = "gnu++0x";
				CLANG_CXX_LIBRARY = "libc++";
				CLANG_ENABLE_MODULES = YES;
				CLANG_ENABLE_OBJC_ARC = YES;
				CLANG_WARN_BOOL_CONVERSION = YES;
				CLANG_WARN_CONSTANT_CONVERSION = YES;
				CLANG_WARN_DIRECT_OBJC_ISA_USAGE = YES_ERROR;
				CLANG_WARN_DOCUMENTATION_COMMENTS = YES;
				CLANG_WARN_EMPTY_BODY = YES;
				CLANG_WARN_ENUM_CONVERSION = YES;
				CLANG_WARN_INFINITE_RECURSION = YES;
				CLANG_WARN_INT_CONVERSION = YES;
				CLANG_WARN_OBJC_ROOT_CLASS = YES_ERROR;
				CLANG_WARN_SUSPICIOUS_MOVES = YES;
				CLANG_WARN_UNREACHABLE_CODE = YES;
				CLANG_WARN__DUPLICATE_METHOD_MATCH = YES;
				"CODE_SIGN_IDENTITY[sdk=iphoneos*]" = "iPhone Developer";
				COPY_PHASE_STRIP = NO;
				DEBUG_INFORMATION_FORMAT = dwarf;
				ENABLE_STRICT_OBJC_MSGSEND = YES;
				ENABLE_TESTABILITY = YES;
				GCC_C_LANGUAGE_STANDARD = gnu99;
				GCC_DYNAMIC_NO_PIC = NO;
				GCC_NO_COMMON_BLOCKS = YES;
				GCC_OPTIMIZATION_LEVEL = 0;
				GCC_PREPROCESSOR_DEFINITIONS = (
					"DEBUG=1",
					"$(inherited)",
				);
				GCC_WARN_64_TO_32_BIT_CONVERSION = YES;
				GCC_WARN_ABOUT_RETURN_TYPE = YES_ERROR;
				GCC_WARN_UNDECLARED_SELECTOR = YES;
				GCC_WARN_UNINITIALIZED_AUTOS = YES_AGGRESSIVE;
				GCC_WARN_UNUSED_FUNCTION = YES;
				GCC_WARN_UNUSED_VARIABLE = YES;
				IPHONEOS_DEPLOYMENT_TARGET = 10.1;
				MTL_ENABLE_DEBUG_INFO = YES;
				ONLY_ACTIVE_ARCH = YES;
				SDKROOT = iphoneos;
				TARGETED_DEVICE_FAMILY = "1,2";
			};
			name = Debug;
		};
		AC8AAEEB1DEFD25C0020DDDA /* Release */ = {
			isa = XCBuildConfiguration;
			buildSettings = {
				ALWAYS_SEARCH_USER_PATHS = NO;
				CLANG_ANALYZER_NONNULL = YES;
				CLANG_CXX_LANGUAGE_STANDARD = "gnu++0x";
				CLANG_CXX_LIBRARY = "libc++";
				CLANG_ENABLE_MODULES = YES;
				CLANG_ENABLE_OBJC_ARC = YES;
				CLANG_WARN_BOOL_CONVERSION = YES;
				CLANG_WARN_CONSTANT_CONVERSION = YES;
				CLANG_WARN_DIRECT_OBJC_ISA_USAGE = YES_ERROR;
				CLANG_WARN_DOCUMENTATION_COMMENTS = YES;
				CLANG_WARN_EMPTY_BODY = YES;
				CLANG_WARN_ENUM_CONVERSION = YES;
				CLANG_WARN_INFINITE_RECURSION = YES;
				CLANG_WARN_INT_CONVERSION = YES;
				CLANG_WARN_OBJC_ROOT_CLASS = YES_ERROR;
				CLANG_WARN_SUSPICIOUS_MOVES = YES;
				CLANG_WARN_UNREACHABLE_CODE = YES;
				CLANG_WARN__DUPLICATE_METHOD_MATCH = YES;
				"CODE_SIGN_IDENTITY[sdk=iphoneos*]" = "iPhone Developer";
				COPY_PHASE_STRIP = NO;
				DEBUG_INFORMATION_FORMAT = "dwarf-with-dsym";
				ENABLE_NS_ASSERTIONS = NO;
				ENABLE_STRICT_OBJC_MSGSEND = YES;
				GCC_C_LANGUAGE_STANDARD = gnu99;
				GCC_NO_COMMON_BLOCKS = YES;
				GCC_WARN_64_TO_32_BIT_CONVERSION = YES;
				GCC_WARN_ABOUT_RETURN_TYPE = YES_ERROR;
				GCC_WARN_UNDECLARED_SELECTOR = YES;
				GCC_WARN_UNINITIALIZED_AUTOS = YES_AGGRESSIVE;
				GCC_WARN_UNUSED_FUNCTION = YES;
				GCC_WARN_UNUSED_VARIABLE = YES;
				IPHONEOS_DEPLOYMENT_TARGET = 10.1;
				MTL_ENABLE_DEBUG_INFO = NO;
				SDKROOT = iphoneos;
				TARGETED_DEVICE_FAMILY = "1,2";
				VALIDATE_PRODUCT = YES;
			};
			name = Release;
		};
		AC8AAEED1DEFD25C0020DDDA /* Debug */ = {
			isa = XCBuildConfiguration;
			buildSettings = {
				ASSETCATALOG_COMPILER_APPICON_NAME = AppIcon;
				DEVELOPMENT_TEAM = 4NACK8L2H6;
				INFOPLIST_FILE = ZLTouchTextDemo/Info.plist;
				IPHONEOS_DEPLOYMENT_TARGET = 8.0;
				LD_RUNPATH_SEARCH_PATHS = "$(inherited) @executable_path/Frameworks";
				PRODUCT_BUNDLE_IDENTIFIER = com.sikaibo.ZLTouchTextDemo;
				PRODUCT_NAME = "$(TARGET_NAME)";
			};
			name = Debug;
		};
		AC8AAEEE1DEFD25C0020DDDA /* Release */ = {
			isa = XCBuildConfiguration;
			buildSettings = {
				ASSETCATALOG_COMPILER_APPICON_NAME = AppIcon;
				DEVELOPMENT_TEAM = 4NACK8L2H6;
				INFOPLIST_FILE = ZLTouchTextDemo/Info.plist;
				IPHONEOS_DEPLOYMENT_TARGET = 8.0;
				LD_RUNPATH_SEARCH_PATHS = "$(inherited) @executable_path/Frameworks";
				PRODUCT_BUNDLE_IDENTIFIER = com.sikaibo.ZLTouchTextDemo;
				PRODUCT_NAME = "$(TARGET_NAME)";
			};
			name = Release;
		};
/* End XCBuildConfiguration section */

/* Begin XCConfigurationList section */
		AC8AAED01DEFD25C0020DDDA /* Build configuration list for PBXProject "ZLTouchTextDemo" */ = {
			isa = XCConfigurationList;
			buildConfigurations = (
				AC8AAEEA1DEFD25C0020DDDA /* Debug */,
				AC8AAEEB1DEFD25C0020DDDA /* Release */,
			);
			defaultConfigurationIsVisible = 0;
			defaultConfigurationName = Release;
		};
		AC8AAEEC1DEFD25C0020DDDA /* Build configuration list for PBXNativeTarget "ZLTouchTextDemo" */ = {
			isa = XCConfigurationList;
			buildConfigurations = (
				AC8AAEED1DEFD25C0020DDDA /* Debug */,
				AC8AAEEE1DEFD25C0020DDDA /* Release */,
			);
			defaultConfigurationIsVisible = 0;
			defaultConfigurationName = Release;
		};
/* End XCConfigurationList section */
	};
	rootObject = AC8AAECD1DEFD25C0020DDDA /* Project object */;
}
